
Microsoft Visual Studio Solution File, Format Version 12.00
# Visual Studio Version 17
VisualStudioVersion = 17.5.33516.290
MinimumVisualStudioVersion = 10.0.40219.1
Project("{9A19103F-16F7-4668-BE54-9A1E7A4F7556}") = "WebApi", "WebApi\WebApi.csproj", "{5C930307-CAD8-4622-A74C-ECD71C7F98B6}"
EndProject
Project("{FAE04EC0-301F-11D3-BF4B-00C04F79EFBC}") = "WebApi.Tests", "WebApi.Tests\WebApi.Tests.csproj", "{8041D710-3B73-4E9C-9E8A-876F8D6445AF}"
EndProject
Global
	GlobalSection(SolutionConfigurationPlatforms) = preSolution
		Debug|Any CPU = Debug|Any CPU
		Release|Any CPU = Release|Any CPU
	EndGlobalSection
	GlobalSection(ProjectConfigurationPlatforms) = postSolution
		{5C930307-CAD8-4622-A74C-ECD71C7F98B6}.Debug|Any CPU.ActiveCfg = Debug|Any CPU
		{5C930307-CAD8-4622-A74C-ECD71C7F98B6}.Debug|Any CPU.Build.0 = Debug|Any CPU
		{5C930307-CAD8-4622-A74C-ECD71C7F98B6}.Release|Any CPU.ActiveCfg = Release|Any CPU
		{5C930307-CAD8-4622-A74C-ECD71C7F98B6}.Release|Any CPU.Build.0 = Release|Any CPU
		{8041D710-3B73-4E9C-9E8A-876F8D6445AF}.Debug|Any CPU.ActiveCfg = Debug|Any CPU
		{8041D710-3B73-4E9C-9E8A-876F8D6445AF}.Debug|Any CPU.Build.0 = Debug|Any CPU
		{8041D710-3B73-4E9C-9E8A-876F8D6445AF}.Release|Any CPU.ActiveCfg = Release|Any CPU
		{8041D710-3B73-4E9C-9E8A-876F8D6445AF}.Release|Any CPU.Build.0 = Release|Any CPU
	EndGlobalSection
	GlobalSection(SolutionProperties) = preSolution
		HideSolutionNode = FALSE
	EndGlobalSection
	GlobalSection(ExtensibilityGlobals) = postSolution
		SolutionGuid = {CAAA5CC0-31B0-45BB-B62B-76272B307C3E}
	EndGlobalSection
EndGlobal
